// !$*UTF8*$!
{
	archiveVersion = 1;
	classes = {
	};
	objectVersion = 56;
	objects = {

/* Begin PBXBuildFile section */
		659420662A2915FA00605ACE /* AppEntry.swift in Sources */ = {isa = PBXBuildFile; fileRef = 659420652A2915FA00605ACE /* AppEntry.swift */; };
		659420682A2915FA00605ACE /* StartView.swift in Sources */ = {isa = PBXBuildFile; fileRef = 659420672A2915FA00605ACE /* StartView.swift */; };
		6594206A2A2915FB00605ACE /* Assets.xcassets in Resources */ = {isa = PBXBuildFile; fileRef = 659420692A2915FB00605ACE /* Assets.xcassets */; };
		6594206D2A2915FB00605ACE /* Preview Assets.xcassets in Resources */ = {isa = PBXBuildFile; fileRef = 6594206C2A2915FB00605ACE /* Preview Assets.xcassets */; };
		659420772A2915FB00605ACE /* XsAndOsTests.swift in Sources */ = {isa = PBXBuildFile; fileRef = 659420762A2915FB00605ACE /* XsAndOsTests.swift */; };
		659420812A2915FB00605ACE /* XsAndOsUITests.swift in Sources */ = {isa = PBXBuildFile; fileRef = 659420802A2915FB00605ACE /* XsAndOsUITests.swift */; };
		659420832A2915FB00605ACE /* XsAndOsUITestsLaunchTests.swift in Sources */ = {isa = PBXBuildFile; fileRef = 659420822A2915FB00605ACE /* XsAndOsUITestsLaunchTests.swift */; };
		659420902A29164100605ACE /* Launch Screen.storyboard in Resources */ = {isa = PBXBuildFile; fileRef = 6594208F2A29164100605ACE /* Launch Screen.storyboard */; };
		659420932A291D1800605ACE /* GameModels.swift in Sources */ = {isa = PBXBuildFile; fileRef = 659420922A291D1800605ACE /* GameModels.swift */; };
		659420962A29237D00605ACE /* ViewModifiers.swift in Sources */ = {isa = PBXBuildFile; fileRef = 659420952A29237D00605ACE /* ViewModifiers.swift */; };
		659420992A29255A00605ACE /* GameView.swift in Sources */ = {isa = PBXBuildFile; fileRef = 659420982A29255A00605ACE /* GameView.swift */; };
/* End PBXBuildFile section */

/* Begin PBXContainerItemProxy section */
		659420732A2915FB00605ACE /* PBXContainerItemProxy */ = {
			isa = PBXContainerItemProxy;
			containerPortal = 6594205A2A2915FA00605ACE /* Project object */;
			proxyType = 1;
			remoteGlobalIDString = 659420612A2915FA00605ACE;
			remoteInfo = XsAndOs;
		};
		6594207D2A2915FB00605ACE /* PBXContainerItemProxy */ = {
			isa = PBXContainerItemProxy;
			containerPortal = 6594205A2A2915FA00605ACE /* Project object */;
			proxyType = 1;
			remoteGlobalIDString = 659420612A2915FA00605ACE;
			remoteInfo = XsAndOs;
		};
/* End PBXContainerItemProxy section */

/* Begin PBXFileReference section */
		659420622A2915FA00605ACE /* XsAndOs.app */ = {isa = PBXFileReference; explicitFileType = wrapper.application; includeInIndex = 0; path = XsAndOs.app; sourceTree = BUILT_PRODUCTS_DIR; };
		659420652A2915FA00605ACE /* AppEntry.swift */ = {isa = PBXFileReference; lastKnownFileType = sourcecode.swift; path = AppEntry.swift; sourceTree = "<group>"; };
		659420672A2915FA00605ACE /* StartView.swift */ = {isa = PBXFileReference; lastKnownFileType = sourcecode.swift; path = StartView.swift; sourceTree = "<group>"; };
		659420692A2915FB00605ACE /* Assets.xcassets */ = {isa = PBXFileReference; lastKnownFileType = folder.assetcatalog; path = Assets.xcassets; sourceTree = "<group>"; };
		6594206C2A2915FB00605ACE /* Preview Assets.xcassets */ = {isa = PBXFileReference; lastKnownFileType = folder.assetcatalog; path = "Preview Assets.xcassets"; sourceTree = "<group>"; };
		659420722A2915FB00605ACE /* XsAndOsTests.xctest */ = {isa = PBXFileReference; explicitFileType = wrapper.cfbundle; includeInIndex = 0; path = XsAndOsTests.xctest; sourceTree = BUILT_PRODUCTS_DIR; };
		659420762A2915FB00605ACE /* XsAndOsTests.swift */ = {isa = PBXFileReference; lastKnownFileType = sourcecode.swift; path = XsAndOsTests.swift; sourceTree = "<group>"; };
		6594207C2A2915FB00605ACE /* XsAndOsUITests.xctest */ = {isa = PBXFileReference; explicitFileType = wrapper.cfbundle; includeInIndex = 0; path = XsAndOsUITests.xctest; sourceTree = BUILT_PRODUCTS_DIR; };
		659420802A2915FB00605ACE /* XsAndOsUITests.swift */ = {isa = PBXFileReference; lastKnownFileType = sourcecode.swift; path = XsAndOsUITests.swift; sourceTree = "<group>"; };
		659420822A2915FB00605ACE /* XsAndOsUITestsLaunchTests.swift */ = {isa = PBXFileReference; lastKnownFileType = sourcecode.swift; path = XsAndOsUITestsLaunchTests.swift; sourceTree = "<group>"; };
		6594208F2A29164100605ACE /* Launch Screen.storyboard */ = {isa = PBXFileReference; lastKnownFileType = file.storyboard; path = "Launch Screen.storyboard"; sourceTree = "<group>"; };
		659420922A291D1800605ACE /* GameModels.swift */ = {isa = PBXFileReference; lastKnownFileType = sourcecode.swift; path = GameModels.swift; sourceTree = "<group>"; };
		659420952A29237D00605ACE /* ViewModifiers.swift */ = {isa = PBXFileReference; lastKnownFileType = sourcecode.swift; path = ViewModifiers.swift; sourceTree = "<group>"; };
		659420982A29255A00605ACE /* GameView.swift */ = {isa = PBXFileReference; lastKnownFileType = sourcecode.swift; path = GameView.swift; sourceTree = "<group>"; };
/* End PBXFileReference section */

/* Begin PBXFrameworksBuildPhase section */
		6594205F2A2915FA00605ACE /* Frameworks */ = {
			isa = PBXFrameworksBuildPhase;
			buildActionMask = 2147483647;
			files = (
			);
			runOnlyForDeploymentPostprocessing = 0;
		};
		6594206F2A2915FB00605ACE /* Frameworks */ = {
			isa = PBXFrameworksBuildPhase;
			buildActionMask = 2147483647;
			files = (
			);
			runOnlyForDeploymentPostprocessing = 0;
		};
		659420792A2915FB00605ACE /* Frameworks */ = {
			isa = PBXFrameworksBuildPhase;
			buildActionMask = 2147483647;
			files = (
			);
			runOnlyForDeploymentPostprocessing = 0;
		};
/* End PBXFrameworksBuildPhase section */

/* Begin PBXGroup section */
		659420592A2915FA00605ACE = {
			isa = PBXGroup;
			children = (
				659420642A2915FA00605ACE /* XsAndOs */,
				659420752A2915FB00605ACE /* XsAndOsTests */,
				6594207F2A2915FB00605ACE /* XsAndOsUITests */,
				659420632A2915FA00605ACE /* Products */,
			);
			sourceTree = "<group>";
		};
		659420632A2915FA00605ACE /* Products */ = {
			isa = PBXGroup;
			children = (
				659420622A2915FA00605ACE /* XsAndOs.app */,
				659420722A2915FB00605ACE /* XsAndOsTests.xctest */,
				6594207C2A2915FB00605ACE /* XsAndOsUITests.xctest */,
			);
			name = Products;
			sourceTree = "<group>";
		};
		659420642A2915FA00605ACE /* XsAndOs */ = {
			isa = PBXGroup;
			children = (
				659420652A2915FA00605ACE /* AppEntry.swift */,
				659420672A2915FA00605ACE /* StartView.swift */,
				659420972A29253B00605ACE /* Game Screen */,
				659420912A291CFB00605ACE /* Models */,
				659420942A29235400605ACE /* Utilities */,
				659420692A2915FB00605ACE /* Assets.xcassets */,
				6594208F2A29164100605ACE /* Launch Screen.storyboard */,
				6594206B2A2915FB00605ACE /* Preview Content */,
			);
			path = XsAndOs;
			sourceTree = "<group>";
		};
		6594206B2A2915FB00605ACE /* Preview Content */ = {
			isa = PBXGroup;
			children = (
				6594206C2A2915FB00605ACE /* Preview Assets.xcassets */,
			);
			path = "Preview Content";
			sourceTree = "<group>";
		};
		659420752A2915FB00605ACE /* XsAndOsTests */ = {
			isa = PBXGroup;
			children = (
				659420762A2915FB00605ACE /* XsAndOsTests.swift */,
			);
			path = XsAndOsTests;
			sourceTree = "<group>";
		};
		6594207F2A2915FB00605ACE /* XsAndOsUITests */ = {
			isa = PBXGroup;
			children = (
				659420802A2915FB00605ACE /* XsAndOsUITests.swift */,
				659420822A2915FB00605ACE /* XsAndOsUITestsLaunchTests.swift */,
			);
			path = XsAndOsUITests;
			sourceTree = "<group>";
		};
		659420912A291CFB00605ACE /* Models */ = {
			isa = PBXGroup;
			children = (
				659420922A291D1800605ACE /* GameModels.swift */,
			);
			path = Models;
			sourceTree = "<group>";
		};
		659420942A29235400605ACE /* Utilities */ = {
			isa = PBXGroup;
			children = (
				659420952A29237D00605ACE /* ViewModifiers.swift */,
			);
			path = Utilities;
			sourceTree = "<group>";
		};
		659420972A29253B00605ACE /* Game Screen */ = {
			isa = PBXGroup;
			children = (
				659420982A29255A00605ACE /* GameView.swift */,
			);
			path = "Game Screen";
			sourceTree = "<group>";
		};
/* End PBXGroup section */

/* Begin PBXNativeTarget section */
		659420612A2915FA00605ACE /* XsAndOs */ = {
			isa = PBXNativeTarget;
			buildConfigurationList = 659420862A2915FB00605ACE /* Build configuration list for PBXNativeTarget "XsAndOs" */;
			buildPhases = (
				6594205E2A2915FA00605ACE /* Sources */,
				6594205F2A2915FA00605ACE /* Frameworks */,
				659420602A2915FA00605ACE /* Resources */,
			);
			buildRules = (
			);
			dependencies = (
			);
			name = XsAndOs;
			productName = XsAndOs;
			productReference = 659420622A2915FA00605ACE /* XsAndOs.app */;
			productType = "com.apple.product-type.application";
		};
		659420712A2915FB00605ACE /* XsAndOsTests */ = {
			isa = PBXNativeTarget;
			buildConfigurationList = 659420892A2915FB00605ACE /* Build configuration list for PBXNativeTarget "XsAndOsTests" */;
			buildPhases = (
				6594206E2A2915FB00605ACE /* Sources */,
				6594206F2A2915FB00605ACE /* Frameworks */,
				659420702A2915FB00605ACE /* Resources */,
			);
			buildRules = (
			);
			dependencies = (
				659420742A2915FB00605ACE /* PBXTargetDependency */,
			);
			name = XsAndOsTests;
			productName = XsAndOsTests;
			productReference = 659420722A2915FB00605ACE /* XsAndOsTests.xctest */;
			productType = "com.apple.product-type.bundle.unit-test";
		};
		6594207B2A2915FB00605ACE /* XsAndOsUITests */ = {
			isa = PBXNativeTarget;
			buildConfigurationList = 6594208C2A2915FB00605ACE /* Build configuration list for PBXNativeTarget "XsAndOsUITests" */;
			buildPhases = (
				659420782A2915FB00605ACE /* Sources */,
				659420792A2915FB00605ACE /* Frameworks */,
				6594207A2A2915FB00605ACE /* Resources */,
			);
			buildRules = (
			);
			dependencies = (
				6594207E2A2915FB00605ACE /* PBXTargetDependency */,
			);
			name = XsAndOsUITests;
			productName = XsAndOsUITests;
			productReference = 6594207C2A2915FB00605ACE /* XsAndOsUITests.xctest */;
			productType = "com.apple.product-type.bundle.ui-testing";
		};
/* End PBXNativeTarget section */

/* Begin PBXProject section */
		6594205A2A2915FA00605ACE /* Project object */ = {
			isa = PBXProject;
			attributes = {
				BuildIndependentTargetsInParallel = 1;
				LastSwiftUpdateCheck = 1430;
				LastUpgradeCheck = 1430;
				TargetAttributes = {
					659420612A2915FA00605ACE = {
						CreatedOnToolsVersion = 14.3;
					};
					659420712A2915FB00605ACE = {
						CreatedOnToolsVersion = 14.3;
						TestTargetID = 659420612A2915FA00605ACE;
					};
					6594207B2A2915FB00605ACE = {
						CreatedOnToolsVersion = 14.3;
						TestTargetID = 659420612A2915FA00605ACE;
					};
				};
			};
			buildConfigurationList = 6594205D2A2915FA00605ACE /* Build configuration list for PBXProject "XsAndOs" */;
			compatibilityVersion = "Xcode 14.0";
			developmentRegion = en;
			hasScannedForEncodings = 0;
			knownRegions = (
				en,
				Base,
			);
			mainGroup = 659420592A2915FA00605ACE;
			productRefGroup = 659420632A2915FA00605ACE /* Products */;
			projectDirPath = "";
			projectRoot = "";
			targets = (
				659420612A2915FA00605ACE /* XsAndOs */,
				659420712A2915FB00605ACE /* XsAndOsTests */,
				6594207B2A2915FB00605ACE /* XsAndOsUITests */,
			);
		};
/* End PBXProject section */

/* Begin PBXResourcesBuildPhase section */
		659420602A2915FA00605ACE /* Resources */ = {
			isa = PBXResourcesBuildPhase;
			buildActionMask = 2147483647;
			files = (
				659420902A29164100605ACE /* Launch Screen.storyboard in Resources */,
				6594206D2A2915FB00605ACE /* Preview Assets.xcassets in Resources */,
				6594206A2A2915FB00605ACE /* Assets.xcassets in Resources */,
			);
			runOnlyForDeploymentPostprocessing = 0;
		};
		659420702A2915FB00605ACE /* Resources */ = {
			isa = PBXResourcesBuildPhase;
			buildActionMask = 2147483647;
			files = (
			);
			runOnlyForDeploymentPostprocessing = 0;
		};
		6594207A2A2915FB00605ACE /* Resources */ = {
			isa = PBXResourcesBuildPhase;
			buildActionMask = 2147483647;
			files = (
			);
			runOnlyForDeploymentPostprocessing = 0;
		};
/* End PBXResourcesBuildPhase section */

/* Begin PBXSourcesBuildPhase section */
		6594205E2A2915FA00605ACE /* Sources */ = {
			isa = PBXSourcesBuildPhase;
			buildActionMask = 2147483647;
			files = (
				659420682A2915FA00605ACE /* StartView.swift in Sources */,
				659420932A291D1800605ACE /* GameModels.swift in Sources */,
				659420662A2915FA00605ACE /* AppEntry.swift in Sources */,
				659420962A29237D00605ACE /* ViewModifiers.swift in Sources */,
				659420992A29255A00605ACE /* GameView.swift in Sources */,
			);
			runOnlyForDeploymentPostprocessing = 0;
		};
		6594206E2A2915FB00605ACE /* Sources */ = {
			isa = PBXSourcesBuildPhase;
			buildActionMask = 2147483647;
			files = (
				659420772A2915FB00605ACE /* XsAndOsTests.swift in Sources */,
			);
			runOnlyForDeploymentPostprocessing = 0;
		};
		659420782A2915FB00605ACE /* Sources */ = {
			isa = PBXSourcesBuildPhase;
			buildActionMask = 2147483647;
			files = (
				659420812A2915FB00605ACE /* XsAndOsUITests.swift in Sources */,
				659420832A2915FB00605ACE /* XsAndOsUITestsLaunchTests.swift in Sources */,
			);
			runOnlyForDeploymentPostprocessing = 0;
		};
/* End PBXSourcesBuildPhase section */

/* Begin PBXTargetDependency section */
		659420742A2915FB00605ACE /* PBXTargetDependency */ = {
			isa = PBXTargetDependency;
			target = 659420612A2915FA00605ACE /* XsAndOs */;
			targetProxy = 659420732A2915FB00605ACE /* PBXContainerItemProxy */;
		};
		6594207E2A2915FB00605ACE /* PBXTargetDependency */ = {
			isa = PBXTargetDependency;
			target = 659420612A2915FA00605ACE /* XsAndOs */;
			targetProxy = 6594207D2A2915FB00605ACE /* PBXContainerItemProxy */;
		};
/* End PBXTargetDependency section */

/* Begin XCBuildConfiguration section */
		659420842A2915FB00605ACE /* Debug */ = {
			isa = XCBuildConfiguration;
			buildSettings = {
				ALWAYS_SEARCH_USER_PATHS = NO;
				CLANG_ANALYZER_NONNULL = YES;
				CLANG_ANALYZER_NUMBER_OBJECT_CONVERSION = YES_AGGRESSIVE;
				CLANG_CXX_LANGUAGE_STANDARD = "gnu++20";
				CLANG_ENABLE_MODULES = YES;
				CLANG_ENABLE_OBJC_ARC = YES;
				CLANG_ENABLE_OBJC_WEAK = YES;
				CLANG_WARN_BLOCK_CAPTURE_AUTORELEASING = YES;
				CLANG_WARN_BOOL_CONVERSION = YES;
				CLANG_WARN_COMMA = YES;
				CLANG_WARN_CONSTANT_CONVERSION = YES;
				CLANG_WARN_DEPRECATED_OBJC_IMPLEMENTATIONS = YES;
				CLANG_WARN_DIRECT_OBJC_ISA_USAGE = YES_ERROR;
				CLANG_WARN_DOCUMENTATION_COMMENTS = YES;
				CLANG_WARN_EMPTY_BODY = YES;
				CLANG_WARN_ENUM_CONVERSION = YES;
				CLANG_WARN_INFINITE_RECURSION = YES;
				CLANG_WARN_INT_CONVERSION = YES;
				CLANG_WARN_NON_LITERAL_NULL_CONVERSION = YES;
				CLANG_WARN_OBJC_IMPLICIT_RETAIN_SELF = YES;
				CLANG_WARN_OBJC_LITERAL_CONVERSION = YES;
				CLANG_WARN_OBJC_ROOT_CLASS = YES_ERROR;
				CLANG_WARN_QUOTED_INCLUDE_IN_FRAMEWORK_HEADER = YES;
				CLANG_WARN_RANGE_LOOP_ANALYSIS = YES;
				CLANG_WARN_STRICT_PROTOTYPES = YES;
				CLANG_WARN_SUSPICIOUS_MOVE = YES;
				CLANG_WARN_UNGUARDED_AVAILABILITY = YES_AGGRESSIVE;
				CLANG_WARN_UNREACHABLE_CODE = YES;
				CLANG_WARN__DUPLICATE_METHOD_MATCH = YES;
				COPY_PHASE_STRIP = NO;
				DEBUG_INFORMATION_FORMAT = dwarf;
				ENABLE_STRICT_OBJC_MSGSEND = YES;
				ENABLE_TESTABILITY = YES;
				GCC_C_LANGUAGE_STANDARD = gnu11;
				GCC_DYNAMIC_NO_PIC = NO;
				GCC_NO_COMMON_BLOCKS = YES;
				GCC_OPTIMIZATION_LEVEL = 0;
				GCC_PREPROCESSOR_DEFINITIONS = (
					"DEBUG=1",
					"$(inherited)",
				);
				GCC_WARN_64_TO_32_BIT_CONVERSION = YES;
				GCC_WARN_ABOUT_RETURN_TYPE = YES_ERROR;
				GCC_WARN_UNDECLARED_SELECTOR = YES;
				GCC_WARN_UNINITIALIZED_AUTOS = YES_AGGRESSIVE;
				GCC_WARN_UNUSED_FUNCTION = YES;
				GCC_WARN_UNUSED_VARIABLE = YES;
				IPHONEOS_DEPLOYMENT_TARGET = 15.0;
				MTL_ENABLE_DEBUG_INFO = INCLUDE_SOURCE;
				MTL_FAST_MATH = YES;
				ONLY_ACTIVE_ARCH = YES;
				SDKROOT = iphoneos;
				SWIFT_ACTIVE_COMPILATION_CONDITIONS = DEBUG;
				SWIFT_OPTIMIZATION_LEVEL = "-Onone";
			};
			name = Debug;
		};
		659420852A2915FB00605ACE /* Release */ = {
			isa = XCBuildConfiguration;
			buildSettings = {
				ALWAYS_SEARCH_USER_PATHS = NO;
				CLANG_ANALYZER_NONNULL = YES;
				CLANG_ANALYZER_NUMBER_OBJECT_CONVERSION = YES_AGGRESSIVE;
				CLANG_CXX_LANGUAGE_STANDARD = "gnu++20";
				CLANG_ENABLE_MODULES = YES;
				CLANG_ENABLE_OBJC_ARC = YES;
				CLANG_ENABLE_OBJC_WEAK = YES;
				CLANG_WARN_BLOCK_CAPTURE_AUTORELEASING = YES;
				CLANG_WARN_BOOL_CONVERSION = YES;
				CLANG_WARN_COMMA = YES;
				CLANG_WARN_CONSTANT_CONVERSION = YES;
				CLANG_WARN_DEPRECATED_OBJC_IMPLEMENTATIONS = YES;
				CLANG_WARN_DIRECT_OBJC_ISA_USAGE = YES_ERROR;
				CLANG_WARN_DOCUMENTATION_COMMENTS = YES;
				CLANG_WARN_EMPTY_BODY = YES;
				CLANG_WARN_ENUM_CONVERSION = YES;
				CLANG_WARN_INFINITE_RECURSION = YES;
				CLANG_WARN_INT_CONVERSION = YES;
				CLANG_WARN_NON_LITERAL_NULL_CONVERSION = YES;
				CLANG_WARN_OBJC_IMPLICIT_RETAIN_SELF = YES;
				CLANG_WARN_OBJC_LITERAL_CONVERSION = YES;
				CLANG_WARN_OBJC_ROOT_CLASS = YES_ERROR;
				CLANG_WARN_QUOTED_INCLUDE_IN_FRAMEWORK_HEADER = YES;
				CLANG_WARN_RANGE_LOOP_ANALYSIS = YES;
				CLANG_WARN_STRICT_PROTOTYPES = YES;
				CLANG_WARN_SUSPICIOUS_MOVE = YES;
				CLANG_WARN_UNGUARDED_AVAILABILITY = YES_AGGRESSIVE;
				CLANG_WARN_UNREACHABLE_CODE = YES;
				CLANG_WARN__DUPLICATE_METHOD_MATCH = YES;
				COPY_PHASE_STRIP = NO;
				DEBUG_INFORMATION_FORMAT = "dwarf-with-dsym";
				ENABLE_NS_ASSERTIONS = NO;
				ENABLE_STRICT_OBJC_MSGSEND = YES;
				GCC_C_LANGUAGE_STANDARD = gnu11;
				GCC_NO_COMMON_BLOCKS = YES;
				GCC_WARN_64_TO_32_BIT_CONVERSION = YES;
				GCC_WARN_ABOUT_RETURN_TYPE = YES_ERROR;
				GCC_WARN_UNDECLARED_SELECTOR = YES;
				GCC_WARN_UNINITIALIZED_AUTOS = YES_AGGRESSIVE;
				GCC_WARN_UNUSED_FUNCTION = YES;
				GCC_WARN_UNUSED_VARIABLE = YES;
				IPHONEOS_DEPLOYMENT_TARGET = 15.0;
				MTL_ENABLE_DEBUG_INFO = NO;
				MTL_FAST_MATH = YES;
				SDKROOT = iphoneos;
				SWIFT_COMPILATION_MODE = wholemodule;
				SWIFT_OPTIMIZATION_LEVEL = "-O";
				VALIDATE_PRODUCT = YES;
			};
			name = Release;
		};
		659420872A2915FB00605ACE /* Debug */ = {
			isa = XCBuildConfiguration;
			buildSettings = {
				ASSETCATALOG_COMPILER_APPICON_NAME = AppIcon;
				ASSETCATALOG_COMPILER_GLOBAL_ACCENT_COLOR_NAME = AccentColor;
				CODE_SIGN_STYLE = Automatic;
				CURRENT_PROJECT_VERSION = 1;
				DEVELOPMENT_ASSET_PATHS = "\"XsAndOs/Preview Content\"";
				DEVELOPMENT_TEAM = 7QC2TV4KX7;
				ENABLE_PREVIEWS = YES;
				GENERATE_INFOPLIST_FILE = YES;
				INFOPLIST_KEY_UIApplicationSceneManifest_Generation = YES;
				INFOPLIST_KEY_UIApplicationSupportsIndirectInputEvents = YES;
				INFOPLIST_KEY_UILaunchScreen_Generation = YES;
				INFOPLIST_KEY_UILaunchStoryboardName = "Launch Screen.storyboard";
				INFOPLIST_KEY_UISupportedInterfaceOrientations = UIInterfaceOrientationPortrait;
				INFOPLIST_KEY_UISupportedInterfaceOrientations_iPad = "UIInterfaceOrientationLandscapeLeft UIInterfaceOrientationLandscapeRight UIInterfaceOrientationPortrait UIInterfaceOrientationPortraitUpsideDown";
				IPHONEOS_DEPLOYMENT_TARGET = 15.0;
				LD_RUNPATH_SEARCH_PATHS = (
					"$(inherited)",
					"@executable_path/Frameworks",
				);
				MARKETING_VERSION = 1.0;
				PRODUCT_BUNDLE_IDENTIFIER = dlc.XsAndOs;
				PRODUCT_NAME = "$(TARGET_NAME)";
				SWIFT_EMIT_LOC_STRINGS = YES;
				SWIFT_VERSION = 5.0;
				TARGETED_DEVICE_FAMILY = "1,2";
			};
			name = Debug;
		};
		659420882A2915FB00605ACE /* Release */ = {
			isa = XCBuildConfiguration;
			buildSettings = {
				ASSETCATALOG_COMPILER_APPICON_NAME = AppIcon;
				ASSETCATALOG_COMPILER_GLOBAL_ACCENT_COLOR_NAME = AccentColor;
				CODE_SIGN_STYLE = Automatic;
				CURRENT_PROJECT_VERSION = 1;
				DEVELOPMENT_ASSET_PATHS = "\"XsAndOs/Preview Content\"";
				DEVELOPMENT_TEAM = 7QC2TV4KX7;
				ENABLE_PREVIEWS = YES;
				GENERATE_INFOPLIST_FILE = YES;
				INFOPLIST_KEY_UIApplicationSceneManifest_Generation = YES;
				INFOPLIST_KEY_UIApplicationSupportsIndirectInputEvents = YES;
				INFOPLIST_KEY_UILaunchScreen_Generation = YES;
				INFOPLIST_KEY_UILaunchStoryboardName = "Launch Screen.storyboard";
				INFOPLIST_KEY_UISupportedInterfaceOrientations = UIInterfaceOrientationPortrait;
				INFOPLIST_KEY_UISupportedInterfaceOrientations_iPad = "UIInterfaceOrientationLandscapeLeft UIInterfaceOrientationLandscapeRight UIInterfaceOrientationPortrait UIInterfaceOrientationPortraitUpsideDown";
				IPHONEOS_DEPLOYMENT_TARGET = 15.0;
				LD_RUNPATH_SEARCH_PATHS = (
					"$(inherited)",
					"@executable_path/Frameworks",
				);
				MARKETING_VERSION = 1.0;
				PRODUCT_BUNDLE_IDENTIFIER = dlc.XsAndOs;
				PRODUCT_NAME = "$(TARGET_NAME)";
				SWIFT_EMIT_LOC_STRINGS = YES;
				SWIFT_VERSION = 5.0;
				TARGETED_DEVICE_FAMILY = "1,2";
			};
			name = Release;
		};
		6594208A2A2915FB00605ACE /* Debug */ = {
			isa = XCBuildConfiguration;
			buildSettings = {
				ALWAYS_EMBED_SWIFT_STANDARD_LIBRARIES = YES;
				BUNDLE_LOADER = "$(TEST_HOST)";
				CODE_SIGN_STYLE = Automatic;
				CURRENT_PROJECT_VERSION = 1;
				DEVELOPMENT_TEAM = 7QC2TV4KX7;
				GENERATE_INFOPLIST_FILE = YES;
				IPHONEOS_DEPLOYMENT_TARGET = 16.4;
				MARKETING_VERSION = 1.0;
				PRODUCT_BUNDLE_IDENTIFIER = dlc.XsAndOsTests;
				PRODUCT_NAME = "$(TARGET_NAME)";
				SWIFT_EMIT_LOC_STRINGS = NO;
				SWIFT_VERSION = 5.0;
				TARGETED_DEVICE_FAMILY = "1,2";
				TEST_HOST = "$(BUILT_PRODUCTS_DIR)/XsAndOs.app/$(BUNDLE_EXECUTABLE_FOLDER_PATH)/XsAndOs";
			};
			name = Debug;
		};
		6594208B2A2915FB00605ACE /* Release */ = {
			isa = XCBuildConfiguration;
			buildSettings = {
				ALWAYS_EMBED_SWIFT_STANDARD_LIBRARIES = YES;
				BUNDLE_LOADER = "$(TEST_HOST)";
				CODE_SIGN_STYLE = Automatic;
				CURRENT_PROJECT_VERSION = 1;
				DEVELOPMENT_TEAM = 7QC2TV4KX7;
				GENERATE_INFOPLIST_FILE = YES;
				IPHONEOS_DEPLOYMENT_TARGET = 16.4;
				MARKETING_VERSION = 1.0;
				PRODUCT_BUNDLE_IDENTIFIER = dlc.XsAndOsTests;
				PRODUCT_NAME = "$(TARGET_NAME)";
				SWIFT_EMIT_LOC_STRINGS = NO;
				SWIFT_VERSION = 5.0;
				TARGETED_DEVICE_FAMILY = "1,2";
				TEST_HOST = "$(BUILT_PRODUCTS_DIR)/XsAndOs.app/$(BUNDLE_EXECUTABLE_FOLDER_PATH)/XsAndOs";
			};
			name = Release;
		};
		6594208D2A2915FB00605ACE /* Debug */ = {
			isa = XCBuildConfiguration;
			buildSettings = {
				ALWAYS_EMBED_SWIFT_STANDARD_LIBRARIES = YES;
				CODE_SIGN_STYLE = Automatic;
				CURRENT_PROJECT_VERSION = 1;
				DEVELOPMENT_TEAM = 7QC2TV4KX7;
				GENERATE_INFOPLIST_FILE = YES;
				MARKETING_VERSION = 1.0;
				PRODUCT_BUNDLE_IDENTIFIER = dlc.XsAndOsUITests;
				PRODUCT_NAME = "$(TARGET_NAME)";
				SWIFT_EMIT_LOC_STRINGS = NO;
				SWIFT_VERSION = 5.0;
				TARGETED_DEVICE_FAMILY = "1,2";
				TEST_TARGET_NAME = XsAndOs;
			};
			name = Debug;
		};
		6594208E2A2915FB00605ACE /* Release */ = {
			isa = XCBuildConfiguration;
			buildSettings = {
				ALWAYS_EMBED_SWIFT_STANDARD_LIBRARIES = YES;
				CODE_SIGN_STYLE = Automatic;
				CURRENT_PROJECT_VERSION = 1;
				DEVELOPMENT_TEAM = 7QC2TV4KX7;
				GENERATE_INFOPLIST_FILE = YES;
				MARKETING_VERSION = 1.0;
				PRODUCT_BUNDLE_IDENTIFIER = dlc.XsAndOsUITests;
				PRODUCT_NAME = "$(TARGET_NAME)";
				SWIFT_EMIT_LOC_STRINGS = NO;
				SWIFT_VERSION = 5.0;
				TARGETED_DEVICE_FAMILY = "1,2";
				TEST_TARGET_NAME = XsAndOs;
			};
			name = Release;
		};
/* End XCBuildConfiguration section */

/* Begin XCConfigurationList section */
		6594205D2A2915FA00605ACE /* Build configuration list for PBXProject "XsAndOs" */ = {
			isa = XCConfigurationList;
			buildConfigurations = (
				659420842A2915FB00605ACE /* Debug */,
				659420852A2915FB00605ACE /* Release */,
			);
			defaultConfigurationIsVisible = 0;
			defaultConfigurationName = Release;
		};
		659420862A2915FB00605ACE /* Build configuration list for PBXNativeTarget "XsAndOs" */ = {
			isa = XCConfigurationList;
			buildConfigurations = (
				659420872A2915FB00605ACE /* Debug */,
				659420882A2915FB00605ACE /* Release */,
			);
			defaultConfigurationIsVisible = 0;
			defaultConfigurationName = Release;
		};
		659420892A2915FB00605ACE /* Build configuration list for PBXNativeTarget "XsAndOsTests" */ = {
			isa = XCConfigurationList;
			buildConfigurations = (
				6594208A2A2915FB00605ACE /* Debug */,
				6594208B2A2915FB00605ACE /* Release */,
			);
			defaultConfigurationIsVisible = 0;
			defaultConfigurationName = Release;
		};
		6594208C2A2915FB00605ACE /* Build configuration list for PBXNativeTarget "XsAndOsUITests" */ = {
			isa = XCConfigurationList;
			buildConfigurations = (
				6594208D2A2915FB00605ACE /* Debug */,
				6594208E2A2915FB00605ACE /* Release */,
			);
			defaultConfigurationIsVisible = 0;
			defaultConfigurationName = Release;
		};
/* End XCConfigurationList section */
	};
	rootObject = 6594205A2A2915FA00605ACE /* Project object */;
}
